
Microsoft Visual Studio Solution File, Format Version 12.00
# Visual Studio Version 16
VisualStudioVersion = 16.0.31005.135
MinimumVisualStudioVersion = 10.0.40219.1
Project("{FAE04EC0-301F-11D3-BF4B-00C04F79EFBC}") = "Apartment_Automation_App", "Apartment_Automation_App\Apartment_Automation_App.csproj", "{EBB5784D-A9A2-4851-8474-FFFA1D323078}"
EndProject
Global
	GlobalSection(SolutionConfigurationPlatforms) = preSolution
		Debug|Any CPU = Debug|Any CPU
		Release|Any CPU = Release|Any CPU
	EndGlobalSection
	GlobalSection(ProjectConfigurationPlatforms) = postSolution
		{EBB5784D-A9A2-4851-8474-FFFA1D323078}.Debug|Any CPU.ActiveCfg = Debug|Any CPU
		{EBB5784D-A9A2-4851-8474-FFFA1D323078}.Debug|Any CPU.Build.0 = Debug|Any CPU
		{EBB5784D-A9A2-4851-8474-FFFA1D323078}.Release|Any CPU.ActiveCfg = Release|Any CPU
		{EBB5784D-A9A2-4851-8474-FFFA1D323078}.Release|Any CPU.Build.0 = Release|Any CPU
	EndGlobalSection
	GlobalSection(SolutionProperties) = preSolution
		HideSolutionNode = FALSE
	EndGlobalSection
	GlobalSection(ExtensibilityGlobals) = postSolution
		SolutionGuid = {CB3ED611-1B75-47AD-8FA5-53FA47A3FB83}
	EndGlobalSection
EndGlobal
